
Microsoft Visual Studio Solution File, Format Version 12.00
# Visual Studio Version 17
VisualStudioVersion = 17.7.34031.279
MinimumVisualStudioVersion = 10.0.40219.1
Project("{FAE04EC0-301F-11D3-BF4B-00C04F79EFBC}") = "Reto_sophos2", "Reto_sophos2.csproj", "{C378B4F2-1797-498C-8E3D-3C271521D204}"
EndProject
Global
	GlobalSection(SolutionConfigurationPlatforms) = preSolution
		Debug|Any CPU = Debug|Any CPU
		Release|Any CPU = Release|Any CPU
	EndGlobalSection
	GlobalSection(ProjectConfigurationPlatforms) = postSolution
		{C378B4F2-1797-498C-8E3D-3C271521D204}.Debug|Any CPU.ActiveCfg = Debug|Any CPU
		{C378B4F2-1797-498C-8E3D-3C271521D204}.Debug|Any CPU.Build.0 = Debug|Any CPU
		{C378B4F2-1797-498C-8E3D-3C271521D204}.Release|Any CPU.ActiveCfg = Release|Any CPU
		{C378B4F2-1797-498C-8E3D-3C271521D204}.Release|Any CPU.Build.0 = Release|Any CPU
	EndGlobalSection
	GlobalSection(SolutionProperties) = preSolution
		HideSolutionNode = FALSE
	EndGlobalSection
	GlobalSection(ExtensibilityGlobals) = postSolution
		SolutionGuid = {05476F0B-D8FB-4928-8170-0D22CFE53356}
	EndGlobalSection
EndGlobal
